# IF THERE'S A GIT CONFLICT IN THIS FILE, DON'T SOLVE IT MANUALLY!
# INSTEAD EXECUTE `prisma migrate fix`
# Prisma Migrate lockfile v1
# Read more about conflict resolution here: TODO

20200518115110-init
20200518120415-added-created-at-updated-at-to-orders
20200523212808-created-file-table
20200523213535-changed-files-table
20200523215607-added-owner-files-table